// !$*UTF8*$!
{
	archiveVersion = 1;
	classes = {
	};
	objectVersion = 50;
	objects = {

/* Begin PBXBuildFile section */
		BB6703C02599A66300EA3C58 /* AppDelegate.swift in Sources */ = {isa = PBXBuildFile; fileRef = BB6703BF2599A66300EA3C58 /* AppDelegate.swift */; };
		BB6703C22599A66300EA3C58 /* SceneDelegate.swift in Sources */ = {isa = PBXBuildFile; fileRef = BB6703C12599A66300EA3C58 /* SceneDelegate.swift */; };
		BB6703C42599A66300EA3C58 /* ViewController.swift in Sources */ = {isa = PBXBuildFile; fileRef = BB6703C32599A66300EA3C58 /* ViewController.swift */; };
		BB6703C72599A66300EA3C58 /* Main.storyboard in Resources */ = {isa = PBXBuildFile; fileRef = BB6703C52599A66300EA3C58 /* Main.storyboard */; };
		BB6703C92599A66500EA3C58 /* Assets.xcassets in Resources */ = {isa = PBXBuildFile; fileRef = BB6703C82599A66500EA3C58 /* Assets.xcassets */; };
		BB6703CC2599A66500EA3C58 /* LaunchScreen.storyboard in Resources */ = {isa = PBXBuildFile; fileRef = BB6703CA2599A66500EA3C58 /* LaunchScreen.storyboard */; };
		BB6703D72599A66500EA3C58 /* I_am_richTests.swift in Sources */ = {isa = PBXBuildFile; fileRef = BB6703D62599A66500EA3C58 /* I_am_richTests.swift */; };
		BB6703E22599A66500EA3C58 /* I_am_richUITests.swift in Sources */ = {isa = PBXBuildFile; fileRef = BB6703E12599A66500EA3C58 /* I_am_richUITests.swift */; };
/* End PBXBuildFile section */

/* Begin PBXContainerItemProxy section */
		BB6703D32599A66500EA3C58 /* PBXContainerItemProxy */ = {
			isa = PBXContainerItemProxy;
			containerPortal = BB6703B42599A66300EA3C58 /* Project object */;
			proxyType = 1;
			remoteGlobalIDString = BB6703BB2599A66300EA3C58;
			remoteInfo = "I am rich";
		};
		BB6703DE2599A66500EA3C58 /* PBXContainerItemProxy */ = {
			isa = PBXContainerItemProxy;
			containerPortal = BB6703B42599A66300EA3C58 /* Project object */;
			proxyType = 1;
			remoteGlobalIDString = BB6703BB2599A66300EA3C58;
			remoteInfo = "I am rich";
		};
/* End PBXContainerItemProxy section */

/* Begin PBXFileReference section */
		BB6703BC2599A66300EA3C58 /* I am rich.app */ = {isa = PBXFileReference; explicitFileType = wrapper.application; includeInIndex = 0; path = "I am rich.app"; sourceTree = BUILT_PRODUCTS_DIR; };
		BB6703BF2599A66300EA3C58 /* AppDelegate.swift */ = {isa = PBXFileReference; lastKnownFileType = sourcecode.swift; path = AppDelegate.swift; sourceTree = "<group>"; };
		BB6703C12599A66300EA3C58 /* SceneDelegate.swift */ = {isa = PBXFileReference; lastKnownFileType = sourcecode.swift; path = SceneDelegate.swift; sourceTree = "<group>"; };
		BB6703C32599A66300EA3C58 /* ViewController.swift */ = {isa = PBXFileReference; lastKnownFileType = sourcecode.swift; path = ViewController.swift; sourceTree = "<group>"; };
		BB6703C62599A66300EA3C58 /* Base */ = {isa = PBXFileReference; lastKnownFileType = file.storyboard; name = Base; path = Base.lproj/Main.storyboard; sourceTree = "<group>"; };
		BB6703C82599A66500EA3C58 /* Assets.xcassets */ = {isa = PBXFileReference; lastKnownFileType = folder.assetcatalog; path = Assets.xcassets; sourceTree = "<group>"; };
		BB6703CB2599A66500EA3C58 /* Base */ = {isa = PBXFileReference; lastKnownFileType = file.storyboard; name = Base; path = Base.lproj/LaunchScreen.storyboard; sourceTree = "<group>"; };
		BB6703CD2599A66500EA3C58 /* Info.plist */ = {isa = PBXFileReference; lastKnownFileType = text.plist.xml; path = Info.plist; sourceTree = "<group>"; };
		BB6703D22599A66500EA3C58 /* I am richTests.xctest */ = {isa = PBXFileReference; explicitFileType = wrapper.cfbundle; includeInIndex = 0; path = "I am richTests.xctest"; sourceTree = BUILT_PRODUCTS_DIR; };
		BB6703D62599A66500EA3C58 /* I_am_richTests.swift */ = {isa = PBXFileReference; lastKnownFileType = sourcecode.swift; path = I_am_richTests.swift; sourceTree = "<group>"; };
		BB6703D82599A66500EA3C58 /* Info.plist */ = {isa = PBXFileReference; lastKnownFileType = text.plist.xml; path = Info.plist; sourceTree = "<group>"; };
		BB6703DD2599A66500EA3C58 /* I am richUITests.xctest */ = {isa = PBXFileReference; explicitFileType = wrapper.cfbundle; includeInIndex = 0; path = "I am richUITests.xctest"; sourceTree = BUILT_PRODUCTS_DIR; };
		BB6703E12599A66500EA3C58 /* I_am_richUITests.swift */ = {isa = PBXFileReference; lastKnownFileType = sourcecode.swift; path = I_am_richUITests.swift; sourceTree = "<group>"; };
		BB6703E32599A66500EA3C58 /* Info.plist */ = {isa = PBXFileReference; lastKnownFileType = text.plist.xml; path = Info.plist; sourceTree = "<group>"; };
/* End PBXFileReference section */

/* Begin PBXFrameworksBuildPhase section */
		BB6703B92599A66300EA3C58 /* Frameworks */ = {
			isa = PBXFrameworksBuildPhase;
			buildActionMask = 2147483647;
			files = (
			);
			runOnlyForDeploymentPostprocessing = 0;
		};
		BB6703CF2599A66500EA3C58 /* Frameworks */ = {
			isa = PBXFrameworksBuildPhase;
			buildActionMask = 2147483647;
			files = (
			);
			runOnlyForDeploymentPostprocessing = 0;
		};
		BB6703DA2599A66500EA3C58 /* Frameworks */ = {
			isa = PBXFrameworksBuildPhase;
			buildActionMask = 2147483647;
			files = (
			);
			runOnlyForDeploymentPostprocessing = 0;
		};
/* End PBXFrameworksBuildPhase section */

/* Begin PBXGroup section */
		BB6703B32599A66300EA3C58 = {
			isa = PBXGroup;
			children = (
				BB6703BE2599A66300EA3C58 /* I am rich */,
				BB6703D52599A66500EA3C58 /* I am richTests */,
				BB6703E02599A66500EA3C58 /* I am richUITests */,
				BB6703BD2599A66300EA3C58 /* Products */,
			);
			sourceTree = "<group>";
		};
		BB6703BD2599A66300EA3C58 /* Products */ = {
			isa = PBXGroup;
			children = (
				BB6703BC2599A66300EA3C58 /* I am rich.app */,
				BB6703D22599A66500EA3C58 /* I am richTests.xctest */,
				BB6703DD2599A66500EA3C58 /* I am richUITests.xctest */,
			);
			name = Products;
			sourceTree = "<group>";
		};
		BB6703BE2599A66300EA3C58 /* I am rich */ = {
			isa = PBXGroup;
			children = (
				BB6703BF2599A66300EA3C58 /* AppDelegate.swift */,
				BB6703C12599A66300EA3C58 /* SceneDelegate.swift */,
				BB6703C32599A66300EA3C58 /* ViewController.swift */,
				BB6703C52599A66300EA3C58 /* Main.storyboard */,
				BB6703C82599A66500EA3C58 /* Assets.xcassets */,
				BB6703CA2599A66500EA3C58 /* LaunchScreen.storyboard */,
				BB6703CD2599A66500EA3C58 /* Info.plist */,
			);
			path = "I am rich";
			sourceTree = "<group>";
		};
		BB6703D52599A66500EA3C58 /* I am richTests */ = {
			isa = PBXGroup;
			children = (
				BB6703D62599A66500EA3C58 /* I_am_richTests.swift */,
				BB6703D82599A66500EA3C58 /* Info.plist */,
			);
			path = "I am richTests";
			sourceTree = "<group>";
		};
		BB6703E02599A66500EA3C58 /* I am richUITests */ = {
			isa = PBXGroup;
			children = (
				BB6703E12599A66500EA3C58 /* I_am_richUITests.swift */,
				BB6703E32599A66500EA3C58 /* Info.plist */,
			);
			path = "I am richUITests";
			sourceTree = "<group>";
		};
/* End PBXGroup section */

/* Begin PBXNativeTarget section */
		BB6703BB2599A66300EA3C58 /* I am rich */ = {
			isa = PBXNativeTarget;
			buildConfigurationList = BB6703E62599A66500EA3C58 /* Build configuration list for PBXNativeTarget "I am rich" */;
			buildPhases = (
				BB6703B82599A66300EA3C58 /* Sources */,
				BB6703B92599A66300EA3C58 /* Frameworks */,
				BB6703BA2599A66300EA3C58 /* Resources */,
			);
			buildRules = (
			);
			dependencies = (
			);
			name = "I am rich";
			productName = "I am rich";
			productReference = BB6703BC2599A66300EA3C58 /* I am rich.app */;
			productType = "com.apple.product-type.application";
		};
		BB6703D12599A66500EA3C58 /* I am richTests */ = {
			isa = PBXNativeTarget;
			buildConfigurationList = BB6703E92599A66500EA3C58 /* Build configuration list for PBXNativeTarget "I am richTests" */;
			buildPhases = (
				BB6703CE2599A66500EA3C58 /* Sources */,
				BB6703CF2599A66500EA3C58 /* Frameworks */,
				BB6703D02599A66500EA3C58 /* Resources */,
			);
			buildRules = (
			);
			dependencies = (
				BB6703D42599A66500EA3C58 /* PBXTargetDependency */,
			);
			name = "I am richTests";
			productName = "I am richTests";
			productReference = BB6703D22599A66500EA3C58 /* I am richTests.xctest */;
			productType = "com.apple.product-type.bundle.unit-test";
		};
		BB6703DC2599A66500EA3C58 /* I am richUITests */ = {
			isa = PBXNativeTarget;
			buildConfigurationList = BB6703EC2599A66500EA3C58 /* Build configuration list for PBXNativeTarget "I am richUITests" */;
			buildPhases = (
				BB6703D92599A66500EA3C58 /* Sources */,
				BB6703DA2599A66500EA3C58 /* Frameworks */,
				BB6703DB2599A66500EA3C58 /* Resources */,
			);
			buildRules = (
			);
			dependencies = (
				BB6703DF2599A66500EA3C58 /* PBXTargetDependency */,
			);
			name = "I am richUITests";
			productName = "I am richUITests";
			productReference = BB6703DD2599A66500EA3C58 /* I am richUITests.xctest */;
			productType = "com.apple.product-type.bundle.ui-testing";
		};
/* End PBXNativeTarget section */

/* Begin PBXProject section */
		BB6703B42599A66300EA3C58 /* Project object */ = {
			isa = PBXProject;
			attributes = {
				LastSwiftUpdateCheck = 1230;
				LastUpgradeCheck = 1230;
				TargetAttributes = {
					BB6703BB2599A66300EA3C58 = {
						CreatedOnToolsVersion = 12.3;
					};
					BB6703D12599A66500EA3C58 = {
						CreatedOnToolsVersion = 12.3;
						TestTargetID = BB6703BB2599A66300EA3C58;
					};
					BB6703DC2599A66500EA3C58 = {
						CreatedOnToolsVersion = 12.3;
						TestTargetID = BB6703BB2599A66300EA3C58;
					};
				};
			};
			buildConfigurationList = BB6703B72599A66300EA3C58 /* Build configuration list for PBXProject "I am rich" */;
			compatibilityVersion = "Xcode 9.3";
			developmentRegion = en;
			hasScannedForEncodings = 0;
			knownRegions = (
				en,
				Base,
			);
			mainGroup = BB6703B32599A66300EA3C58;
			productRefGroup = BB6703BD2599A66300EA3C58 /* Products */;
			projectDirPath = "";
			projectRoot = "";
			targets = (
				BB6703BB2599A66300EA3C58 /* I am rich */,
				BB6703D12599A66500EA3C58 /* I am richTests */,
				BB6703DC2599A66500EA3C58 /* I am richUITests */,
			);
		};
/* End PBXProject section */

/* Begin PBXResourcesBuildPhase section */
		BB6703BA2599A66300EA3C58 /* Resources */ = {
			isa = PBXResourcesBuildPhase;
			buildActionMask = 2147483647;
			files = (
				BB6703CC2599A66500EA3C58 /* LaunchScreen.storyboard in Resources */,
				BB6703C92599A66500EA3C58 /* Assets.xcassets in Resources */,
				BB6703C72599A66300EA3C58 /* Main.storyboard in Resources */,
			);
			runOnlyForDeploymentPostprocessing = 0;
		};
		BB6703D02599A66500EA3C58 /* Resources */ = {
			isa = PBXResourcesBuildPhase;
			buildActionMask = 2147483647;
			files = (
			);
			runOnlyForDeploymentPostprocessing = 0;
		};
		BB6703DB2599A66500EA3C58 /* Resources */ = {
			isa = PBXResourcesBuildPhase;
			buildActionMask = 2147483647;
			files = (
			);
			runOnlyForDeploymentPostprocessing = 0;
		};
/* End PBXResourcesBuildPhase section */

/* Begin PBXSourcesBuildPhase section */
		BB6703B82599A66300EA3C58 /* Sources */ = {
			isa = PBXSourcesBuildPhase;
			buildActionMask = 2147483647;
			files = (
				BB6703C42599A66300EA3C58 /* ViewController.swift in Sources */,
				BB6703C02599A66300EA3C58 /* AppDelegate.swift in Sources */,
				BB6703C22599A66300EA3C58 /* SceneDelegate.swift in Sources */,
			);
			runOnlyForDeploymentPostprocessing = 0;
		};
		BB6703CE2599A66500EA3C58 /* Sources */ = {
			isa = PBXSourcesBuildPhase;
			buildActionMask = 2147483647;
			files = (
				BB6703D72599A66500EA3C58 /* I_am_richTests.swift in Sources */,
			);
			runOnlyForDeploymentPostprocessing = 0;
		};
		BB6703D92599A66500EA3C58 /* Sources */ = {
			isa = PBXSourcesBuildPhase;
			buildActionMask = 2147483647;
			files = (
				BB6703E22599A66500EA3C58 /* I_am_richUITests.swift in Sources */,
			);
			runOnlyForDeploymentPostprocessing = 0;
		};
/* End PBXSourcesBuildPhase section */

/* Begin PBXTargetDependency section */
		BB6703D42599A66500EA3C58 /* PBXTargetDependency */ = {
			isa = PBXTargetDependency;
			target = BB6703BB2599A66300EA3C58 /* I am rich */;
			targetProxy = BB6703D32599A66500EA3C58 /* PBXContainerItemProxy */;
		};
		BB6703DF2599A66500EA3C58 /* PBXTargetDependency */ = {
			isa = PBXTargetDependency;
			target = BB6703BB2599A66300EA3C58 /* I am rich */;
			targetProxy = BB6703DE2599A66500EA3C58 /* PBXContainerItemProxy */;
		};
/* End PBXTargetDependency section */

/* Begin PBXVariantGroup section */
		BB6703C52599A66300EA3C58 /* Main.storyboard */ = {
			isa = PBXVariantGroup;
			children = (
				BB6703C62599A66300EA3C58 /* Base */,
			);
			name = Main.storyboard;
			sourceTree = "<group>";
		};
		BB6703CA2599A66500EA3C58 /* LaunchScreen.storyboard */ = {
			isa = PBXVariantGroup;
			children = (
				BB6703CB2599A66500EA3C58 /* Base */,
			);
			name = LaunchScreen.storyboard;
			sourceTree = "<group>";
		};
/* End PBXVariantGroup section */

/* Begin XCBuildConfiguration section */
		BB6703E42599A66500EA3C58 /* Debug */ = {
			isa = XCBuildConfiguration;
			buildSettings = {
				ALWAYS_SEARCH_USER_PATHS = NO;
				CLANG_ANALYZER_NONNULL = YES;
				CLANG_ANALYZER_NUMBER_OBJECT_CONVERSION = YES_AGGRESSIVE;
				CLANG_CXX_LANGUAGE_STANDARD = "gnu++14";
				CLANG_CXX_LIBRARY = "libc++";
				CLANG_ENABLE_MODULES = YES;
				CLANG_ENABLE_OBJC_ARC = YES;
				CLANG_ENABLE_OBJC_WEAK = YES;
				CLANG_WARN_BLOCK_CAPTURE_AUTORELEASING = YES;
				CLANG_WARN_BOOL_CONVERSION = YES;
				CLANG_WARN_COMMA = YES;
				CLANG_WARN_CONSTANT_CONVERSION = YES;
				CLANG_WARN_DEPRECATED_OBJC_IMPLEMENTATIONS = YES;
				CLANG_WARN_DIRECT_OBJC_ISA_USAGE = YES_ERROR;
				CLANG_WARN_DOCUMENTATION_COMMENTS = YES;
				CLANG_WARN_EMPTY_BODY = YES;
				CLANG_WARN_ENUM_CONVERSION = YES;
				CLANG_WARN_INFINITE_RECURSION = YES;
				CLANG_WARN_INT_CONVERSION = YES;
				CLANG_WARN_NON_LITERAL_NULL_CONVERSION = YES;
				CLANG_WARN_OBJC_IMPLICIT_RETAIN_SELF = YES;
				CLANG_WARN_OBJC_LITERAL_CONVERSION = YES;
				CLANG_WARN_OBJC_ROOT_CLASS = YES_ERROR;
				CLANG_WARN_QUOTED_INCLUDE_IN_FRAMEWORK_HEADER = YES;
				CLANG_WARN_RANGE_LOOP_ANALYSIS = YES;
				CLANG_WARN_STRICT_PROTOTYPES = YES;
				CLANG_WARN_SUSPICIOUS_MOVE = YES;
				CLANG_WARN_UNGUARDED_AVAILABILITY = YES_AGGRESSIVE;
				CLANG_WARN_UNREACHABLE_CODE = YES;
				CLANG_WARN__DUPLICATE_METHOD_MATCH = YES;
				COPY_PHASE_STRIP = NO;
				DEBUG_INFORMATION_FORMAT = dwarf;
				ENABLE_STRICT_OBJC_MSGSEND = YES;
				ENABLE_TESTABILITY = YES;
				GCC_C_LANGUAGE_STANDARD = gnu11;
				GCC_DYNAMIC_NO_PIC = NO;
				GCC_NO_COMMON_BLOCKS = YES;
				GCC_OPTIMIZATION_LEVEL = 0;
				GCC_PREPROCESSOR_DEFINITIONS = (
					"DEBUG=1",
					"$(inherited)",
				);
				GCC_WARN_64_TO_32_BIT_CONVERSION = YES;
				GCC_WARN_ABOUT_RETURN_TYPE = YES_ERROR;
				GCC_WARN_UNDECLARED_SELECTOR = YES;
				GCC_WARN_UNINITIALIZED_AUTOS = YES_AGGRESSIVE;
				GCC_WARN_UNUSED_FUNCTION = YES;
				GCC_WARN_UNUSED_VARIABLE = YES;
				IPHONEOS_DEPLOYMENT_TARGET = 14.3;
				MTL_ENABLE_DEBUG_INFO = INCLUDE_SOURCE;
				MTL_FAST_MATH = YES;
				ONLY_ACTIVE_ARCH = YES;
				SDKROOT = iphoneos;
				SWIFT_ACTIVE_COMPILATION_CONDITIONS = DEBUG;
				SWIFT_OPTIMIZATION_LEVEL = "-Onone";
			};
			name = Debug;
		};
		BB6703E52599A66500EA3C58 /* Release */ = {
			isa = XCBuildConfiguration;
			buildSettings = {
				ALWAYS_SEARCH_USER_PATHS = NO;
				CLANG_ANALYZER_NONNULL = YES;
				CLANG_ANALYZER_NUMBER_OBJECT_CONVERSION = YES_AGGRESSIVE;
				CLANG_CXX_LANGUAGE_STANDARD = "gnu++14";
				CLANG_CXX_LIBRARY = "libc++";
				CLANG_ENABLE_MODULES = YES;
				CLANG_ENABLE_OBJC_ARC = YES;
				CLANG_ENABLE_OBJC_WEAK = YES;
				CLANG_WARN_BLOCK_CAPTURE_AUTORELEASING = YES;
				CLANG_WARN_BOOL_CONVERSION = YES;
				CLANG_WARN_COMMA = YES;
				CLANG_WARN_CONSTANT_CONVERSION = YES;
				CLANG_WARN_DEPRECATED_OBJC_IMPLEMENTATIONS = YES;
				CLANG_WARN_DIRECT_OBJC_ISA_USAGE = YES_ERROR;
				CLANG_WARN_DOCUMENTATION_COMMENTS = YES;
				CLANG_WARN_EMPTY_BODY = YES;
				CLANG_WARN_ENUM_CONVERSION = YES;
				CLANG_WARN_INFINITE_RECURSION = YES;
				CLANG_WARN_INT_CONVERSION = YES;
				CLANG_WARN_NON_LITERAL_NULL_CONVERSION = YES;
				CLANG_WARN_OBJC_IMPLICIT_RETAIN_SELF = YES;
				CLANG_WARN_OBJC_LITERAL_CONVERSION = YES;
				CLANG_WARN_OBJC_ROOT_CLASS = YES_ERROR;
				CLANG_WARN_QUOTED_INCLUDE_IN_FRAMEWORK_HEADER = YES;
				CLANG_WARN_RANGE_LOOP_ANALYSIS = YES;
				CLANG_WARN_STRICT_PROTOTYPES = YES;
				CLANG_WARN_SUSPICIOUS_MOVE = YES;
				CLANG_WARN_UNGUARDED_AVAILABILITY = YES_AGGRESSIVE;
				CLANG_WARN_UNREACHABLE_CODE = YES;
				CLANG_WARN__DUPLICATE_METHOD_MATCH = YES;
				COPY_PHASE_STRIP = NO;
				DEBUG_INFORMATION_FORMAT = "dwarf-with-dsym";
				ENABLE_NS_ASSERTIONS = NO;
				ENABLE_STRICT_OBJC_MSGSEND = YES;
				GCC_C_LANGUAGE_STANDARD = gnu11;
				GCC_NO_COMMON_BLOCKS = YES;
				GCC_WARN_64_TO_32_BIT_CONVERSION = YES;
				GCC_WARN_ABOUT_RETURN_TYPE = YES_ERROR;
				GCC_WARN_UNDECLARED_SELECTOR = YES;
				GCC_WARN_UNINITIALIZED_AUTOS = YES_AGGRESSIVE;
				GCC_WARN_UNUSED_FUNCTION = YES;
				GCC_WARN_UNUSED_VARIABLE = YES;
				IPHONEOS_DEPLOYMENT_TARGET = 14.3;
				MTL_ENABLE_DEBUG_INFO = NO;
				MTL_FAST_MATH = YES;
				SDKROOT = iphoneos;
				SWIFT_COMPILATION_MODE = wholemodule;
				SWIFT_OPTIMIZATION_LEVEL = "-O";
				VALIDATE_PRODUCT = YES;
			};
			name = Release;
		};
		BB6703E72599A66500EA3C58 /* Debug */ = {
			isa = XCBuildConfiguration;
			buildSettings = {
				ASSETCATALOG_COMPILER_APPICON_NAME = AppIcon;
				ASSETCATALOG_COMPILER_GLOBAL_ACCENT_COLOR_NAME = AccentColor;
				CODE_SIGN_STYLE = Automatic;
				INFOPLIST_FILE = "I am rich/Info.plist";
				LD_RUNPATH_SEARCH_PATHS = (
					"$(inherited)",
					"@executable_path/Frameworks",
				);
				PRODUCT_BUNDLE_IDENTIFIER = "com.nybsys.I-am-rich";
				PRODUCT_NAME = "$(TARGET_NAME)";
				SWIFT_VERSION = 5.0;
				TARGETED_DEVICE_FAMILY = "1,2";
			};
			name = Debug;
		};
		BB6703E82599A66500EA3C58 /* Release */ = {
			isa = XCBuildConfiguration;
			buildSettings = {
				ASSETCATALOG_COMPILER_APPICON_NAME = AppIcon;
				ASSETCATALOG_COMPILER_GLOBAL_ACCENT_COLOR_NAME = AccentColor;
				CODE_SIGN_STYLE = Automatic;
				INFOPLIST_FILE = "I am rich/Info.plist";
				LD_RUNPATH_SEARCH_PATHS = (
					"$(inherited)",
					"@executable_path/Frameworks",
				);
				PRODUCT_BUNDLE_IDENTIFIER = "com.nybsys.I-am-rich";
				PRODUCT_NAME = "$(TARGET_NAME)";
				SWIFT_VERSION = 5.0;
				TARGETED_DEVICE_FAMILY = "1,2";
			};
			name = Release;
		};
		BB6703EA2599A66500EA3C58 /* Debug */ = {
			isa = XCBuildConfiguration;
			buildSettings = {
				ALWAYS_EMBED_SWIFT_STANDARD_LIBRARIES = YES;
				BUNDLE_LOADER = "$(TEST_HOST)";
				CODE_SIGN_STYLE = Automatic;
				INFOPLIST_FILE = "I am richTests/Info.plist";
				IPHONEOS_DEPLOYMENT_TARGET = 14.3;
				LD_RUNPATH_SEARCH_PATHS = (
					"$(inherited)",
					"@executable_path/Frameworks",
					"@loader_path/Frameworks",
				);
				PRODUCT_BUNDLE_IDENTIFIER = "com.nybsys.I-am-richTests";
				PRODUCT_NAME = "$(TARGET_NAME)";
				SWIFT_VERSION = 5.0;
				TARGETED_DEVICE_FAMILY = "1,2";
				TEST_HOST = "$(BUILT_PRODUCTS_DIR)/I am rich.app/I am rich";
			};
			name = Debug;
		};
		BB6703EB2599A66500EA3C58 /* Release */ = {
			isa = XCBuildConfiguration;
			buildSettings = {
				ALWAYS_EMBED_SWIFT_STANDARD_LIBRARIES = YES;
				BUNDLE_LOADER = "$(TEST_HOST)";
				CODE_SIGN_STYLE = Automatic;
				INFOPLIST_FILE = "I am richTests/Info.plist";
				IPHONEOS_DEPLOYMENT_TARGET = 14.3;
				LD_RUNPATH_SEARCH_PATHS = (
					"$(inherited)",
					"@executable_path/Frameworks",
					"@loader_path/Frameworks",
				);
				PRODUCT_BUNDLE_IDENTIFIER = "com.nybsys.I-am-richTests";
				PRODUCT_NAME = "$(TARGET_NAME)";
				SWIFT_VERSION = 5.0;
				TARGETED_DEVICE_FAMILY = "1,2";
				TEST_HOST = "$(BUILT_PRODUCTS_DIR)/I am rich.app/I am rich";
			};
			name = Release;
		};
		BB6703ED2599A66500EA3C58 /* Debug */ = {
			isa = XCBuildConfiguration;
			buildSettings = {
				ALWAYS_EMBED_SWIFT_STANDARD_LIBRARIES = YES;
				CODE_SIGN_STYLE = Automatic;
				INFOPLIST_FILE = "I am richUITests/Info.plist";
				LD_RUNPATH_SEARCH_PATHS = (
					"$(inherited)",
					"@executable_path/Frameworks",
					"@loader_path/Frameworks",
				);
				PRODUCT_BUNDLE_IDENTIFIER = "com.nybsys.I-am-richUITests";
				PRODUCT_NAME = "$(TARGET_NAME)";
				SWIFT_VERSION = 5.0;
				TARGETED_DEVICE_FAMILY = "1,2";
				TEST_TARGET_NAME = "I am rich";
			};
			name = Debug;
		};
		BB6703EE2599A66500EA3C58 /* Release */ = {
			isa = XCBuildConfiguration;
			buildSettings = {
				ALWAYS_EMBED_SWIFT_STANDARD_LIBRARIES = YES;
				CODE_SIGN_STYLE = Automatic;
				INFOPLIST_FILE = "I am richUITests/Info.plist";
				LD_RUNPATH_SEARCH_PATHS = (
					"$(inherited)",
					"@executable_path/Frameworks",
					"@loader_path/Frameworks",
				);
				PRODUCT_BUNDLE_IDENTIFIER = "com.nybsys.I-am-richUITests";
				PRODUCT_NAME = "$(TARGET_NAME)";
				SWIFT_VERSION = 5.0;
				TARGETED_DEVICE_FAMILY = "1,2";
				TEST_TARGET_NAME = "I am rich";
			};
			name = Release;
		};
/* End XCBuildConfiguration section */

/* Begin XCConfigurationList section */
		BB6703B72599A66300EA3C58 /* Build configuration list for PBXProject "I am rich" */ = {
			isa = XCConfigurationList;
			buildConfigurations = (
				BB6703E42599A66500EA3C58 /* Debug */,
				BB6703E52599A66500EA3C58 /* Release */,
			);
			defaultConfigurationIsVisible = 0;
			defaultConfigurationName = Release;
		};
		BB6703E62599A66500EA3C58 /* Build configuration list for PBXNativeTarget "I am rich" */ = {
			isa = XCConfigurationList;
			buildConfigurations = (
				BB6703E72599A66500EA3C58 /* Debug */,
				BB6703E82599A66500EA3C58 /* Release */,
			);
			defaultConfigurationIsVisible = 0;
			defaultConfigurationName = Release;
		};
		BB6703E92599A66500EA3C58 /* Build configuration list for PBXNativeTarget "I am richTests" */ = {
			isa = XCConfigurationList;
			buildConfigurations = (
				BB6703EA2599A66500EA3C58 /* Debug */,
				BB6703EB2599A66500EA3C58 /* Release */,
			);
			defaultConfigurationIsVisible = 0;
			defaultConfigurationName = Release;
		};
		BB6703EC2599A66500EA3C58 /* Build configuration list for PBXNativeTarget "I am richUITests" */ = {
			isa = XCConfigurationList;
			buildConfigurations = (
				BB6703ED2599A66500EA3C58 /* Debug */,
				BB6703EE2599A66500EA3C58 /* Release */,
			);
			defaultConfigurationIsVisible = 0;
			defaultConfigurationName = Release;
		};
/* End XCConfigurationList section */
	};
	rootObject = BB6703B42599A66300EA3C58 /* Project object */;
}
